hash: 7d0b90753e919cbf459a1093ea52abbd012576f8a0fc0abeb3a6939900905e17
updated: 2018-01-25T11:14:02.993174+08:00
imports:
- name: github.com/apache/thrift
  version: 14f5d500b9ae0fb6654aec9009a8bc34a8bb6dfb
  subpackages:
  - lib/go/thrift
- name: github.com/astaxie/beego
  version: bf5c5626ab429e66d88602e1ab1ab5fbf4629a01
  subpackages:
  - config
  - context
  - context/param
  - grace
  - logs
  - session
  - toolbox
  - utils
- name: github.com/beorn7/perks
  version: 4c0e84591b9aa9e6dcfdf3e020114cd81f89d5f9
  subpackages:
  - quantile
- name: github.com/BurntSushi/toml
  version: a368813c5e648fee92e5f6c30e3944ff9d5e8895
- name: github.com/coreos/etcd
  version: b48cf77abb78755c8654eb8da61bc90a32802e7d
  subpackages:
  - auth/authpb
  - clientv3
  - etcdserver/api/v3rpc/rpctypes
  - etcdserver/etcdserverpb
  - mvcc/mvccpb
- name: github.com/fatih/camelcase
  version: 44e46d280b43ec1531bb25252440e34f1b800b65
- name: github.com/fatih/structs
  version: f5faa72e73092639913f5833b75e1ac1d6bc7a63
- name: github.com/gogap/errors
  version: 149c546090d0ac947ee5f6772d431e30cf0f6f3b
- name: github.com/gogap/logrus
  version: f8627d12948f98c67a5f2c32d1861fb2396aeb1c
- name: github.com/gogap/stack
  version: fef68dddd4f8092a1be1acacb121f847315e5c94
- name: github.com/gogo/protobuf
  version: 342cbe0a04158f6dcb03ca0079991a51a4248c02
  subpackages:
  - gogoproto
  - proto
  - protoc-gen-gogo/descriptor
- name: github.com/golang/freetype
  version: e2365dfdc4a05e4b8299a783240d4a7d5a65d4e4
  subpackages:
  - raster
  - truetype
- name: github.com/golang/protobuf
  version: 1e59b77b52bf8e4b449a57e6f79f21226d571845
  subpackages:
  - proto
  - ptypes
  - ptypes/any
  - ptypes/duration
  - ptypes/timestamp
- name: github.com/jinzhu/gorm
  version: 0a51f6cdc55d1650d9ed3b4c13026cfa9133b01e
- name: github.com/jinzhu/inflection
  version: 1c35d901db3da928c72a72d8458480cc9ade058f
- name: github.com/koding/multiconfig
  version: 69c27309b2d751c576b59ea9c3726597c2375da3
- name: github.com/lestrrat/go-file-rotatelogs
  version: 9df8b44f21785240553882138c5df2e9cc1db910
- name: github.com/lestrrat/go-strftime
  version: 04ef93e285313c8978cbc7cad26d2aa7a9927451
- name: github.com/lib/pq
  version: 19c8e9ad00952ce0c64489b60e8df88bb16dd514
  subpackages:
  - oid
- name: github.com/matttproud/golang_protobuf_extensions
  version: c12348ce28de40eed0136aa2b644d0ee0650e56c
  subpackages:
  - pbutil
- name: github.com/mojocn/base64Captcha
  version: f8e0aa6194261e5c3e777ad815f1c872d2e3aeab
- name: github.com/olivere/elastic
  version: 7a065d53ac847c9aba9385e84fa24ef4647a6ae2
  subpackages:
  - config
  - uritemplates
- name: github.com/pkg/errors
  version: 8842a6e0cc595d1cc9d931f6c875883967280e32
- name: github.com/prometheus/client_golang
  version: 661e31bf844dfca9aeba15f27ea8aa0d485ad212
  subpackages:
  - prometheus
  - prometheus/promhttp
- name: github.com/prometheus/client_model
  version: 6f3806018612930941127f2a7c6c453ba2c527d2
  subpackages:
  - go
- name: github.com/prometheus/common
  version: e3fb1a1acd7605367a2b378bc2e2f893c05174b7
  subpackages:
  - expfmt
  - internal/bitbucket.org/ww/goautoneg
  - model
- name: github.com/prometheus/procfs
  version: a6e9df898b1336106c743392c48ee0b71f5c4efa
  subpackages:
  - xfs
- name: github.com/rifflock/lfshook
  version: 1e6869029fcba52a12e98696e95dc1f0fb33702f
- name: github.com/sirupsen/logrus
  version: d682213848ed68c0a260ca37d6dd5ace8423f5ba
- name: github.com/slover2000/prisma
  version: 062a2d274fb38b9390fc563166d1f31a164bf91b
  subpackages:
  - discovery
  - hystrix
  - hystrix/internal
  - logging
  - metrics
  - metrics/prometheus
  - thirdparty
  - trace
  - trace/zipkin
  - trace/zipkin/thrift-gen/zipkincore
  - utils
- name: golang.org/x/crypto
  version: 94eea52f7b742c7cbe0b03b22f0c4c8631ece122
  subpackages:
  - bcrypt
  - blowfish
  - ssh/terminal
- name: golang.org/x/image
  version: 12117c17ca67ffa1ce22e9409f3b0b0a93ac08c7
  subpackages:
  - font
  - math/fixed
- name: golang.org/x/net
  version: 66aacef3dd8a676686c7ae3716979581e8b03c47
  subpackages:
  - context
  - http2
  - http2/hpack
  - idna
  - internal/timeseries
  - lex/httplex
  - trace
- name: golang.org/x/sys
  version: ebfc5b4631820b793c9010c87fd8fef0f39eb082
  subpackages:
  - unix
  - windows
- name: golang.org/x/text
  version: b19bf474d317b857955b12035d2c5acb57ce8b01
  subpackages:
  - secure/bidirule
  - transform
  - unicode/bidi
  - unicode/norm
- name: golang.org/x/time
  version: 6dc17368e09b0e8634d71cac8168d853e869a0c7
  subpackages:
  - rate
- name: google.golang.org/genproto
  version: 09f6ed296fc66555a25fe4ce95173148778dfa85
  subpackages:
  - googleapis/rpc/status
- name: google.golang.org/grpc
  version: 9a2334748bab9638f1480ad4f0ac6ac0c6c3a486
  subpackages:
  - balancer
  - codes
  - connectivity
  - credentials
  - grpclb/grpc_lb_v1/messages
  - grpclog
  - health/grpc_health_v1
  - internal
  - keepalive
  - metadata
  - naming
  - peer
  - resolver
  - stats
  - status
  - tap
  - transport
- name: gopkg.in/mgo.v2
  version: 3f83fa5005286a7fe593b055f0d7771a7dce4655
  subpackages:
  - bson
  - internal/json
  - internal/sasl
  - internal/scram
- name: gopkg.in/yaml.v2
  version: 287cf08546ab5e7e37d55a84f7ed3fd1db036de5
testImports:
- name: github.com/gopherjs/gopherjs
  version: 444abdf920945de5d4a977b572bcc6c674d1e4eb
  subpackages:
  - js
- name: github.com/jtolds/gls
  version: 77f18212c9c7edc9bd6a33d383a7b545ce62f064
- name: github.com/smartystreets/assertions
  version: 0b37b35ec7434b77e77a4bb29b79677cced992ea
  subpackages:
  - internal/go-render/render
  - internal/oglematchers
- name: github.com/smartystreets/goconvey
  version: 9e8dc3f972df6c8fcc0375ef492c24d0bb204857
  subpackages:
  - convey
  - convey/gotest
  - convey/reporting
